
Microsoft Visual Studio Solution File, Format Version 12.00
# Visual Studio 15
VisualStudioVersion = 15.0.27004.2008
MinimumVisualStudioVersion = 10.0.40219.1
Project("{9A19103F-16F7-4668-BE54-9A1E7A4F7556}") = "Redgum.ServerMonitor.Web", "Redgum.ServerMonitor.Web\Redgum.ServerMonitor.Web.csproj", "{7D6996C9-1949-4C39-A183-7A1903DA7EB8}"
EndProject
Project("{2150E333-8FDC-42A3-9474-1A3956D46DE8}") = "Solution Items", "Solution Items", "{BFC7D81D-F01D-4E5F-9801-2D1D13D11DF1}"
	ProjectSection(SolutionItems) = preProject
		README.md = README.md
	EndProjectSection
EndProject
Project("{FAE04EC0-301F-11D3-BF4B-00C04F79EFBC}") = "Redgum.ServerMonitor.Web.Tests", "Redgum.ServerMonitor.Web.Tests\Redgum.ServerMonitor.Web.Tests.csproj", "{F80016B7-FB43-4847-BB11-2D397B4DBEED}"
EndProject
Global
	GlobalSection(SolutionConfigurationPlatforms) = preSolution
		Debug|Any CPU = Debug|Any CPU
		Release|Any CPU = Release|Any CPU
	EndGlobalSection
	GlobalSection(ProjectConfigurationPlatforms) = postSolution
		{7D6996C9-1949-4C39-A183-7A1903DA7EB8}.Debug|Any CPU.ActiveCfg = Debug|Any CPU
		{7D6996C9-1949-4C39-A183-7A1903DA7EB8}.Debug|Any CPU.Build.0 = Debug|Any CPU
		{7D6996C9-1949-4C39-A183-7A1903DA7EB8}.Release|Any CPU.ActiveCfg = Release|Any CPU
		{7D6996C9-1949-4C39-A183-7A1903DA7EB8}.Release|Any CPU.Build.0 = Release|Any CPU
		{F80016B7-FB43-4847-BB11-2D397B4DBEED}.Debug|Any CPU.ActiveCfg = Debug|Any CPU
		{F80016B7-FB43-4847-BB11-2D397B4DBEED}.Debug|Any CPU.Build.0 = Debug|Any CPU
		{F80016B7-FB43-4847-BB11-2D397B4DBEED}.Release|Any CPU.ActiveCfg = Release|Any CPU
		{F80016B7-FB43-4847-BB11-2D397B4DBEED}.Release|Any CPU.Build.0 = Release|Any CPU
	EndGlobalSection
	GlobalSection(SolutionProperties) = preSolution
		HideSolutionNode = FALSE
	EndGlobalSection
	GlobalSection(ExtensibilityGlobals) = postSolution
		SolutionGuid = {37232A48-0C85-4646-BAC7-559DBB27F659}
	EndGlobalSection
EndGlobal
